
Microsoft Visual Studio Solution File, Format Version 12.00
# Visual Studio 15
VisualStudioVersion = 15.0.27703.1
MinimumVisualStudioVersion = 10.0.40219.1
Project("{FAE04EC0-301F-11D3-BF4B-00C04F79EFBC}") = "BlueOxCore", "BlueOxCore\BlueOxCore.csproj", "{EA00BF37-B3D5-4120-B098-98E5CBA82576}"
EndProject
Project("{E53339B2-1760-4266-BCC7-CA923CBCF16C}") = "docker-compose", "docker-compose.dcproj", "{2B1D0349-9D56-4A30-BC46-38FE97889046}"
EndProject
Global
	GlobalSection(SolutionConfigurationPlatforms) = preSolution
		Debug|Any CPU = Debug|Any CPU
		Release|Any CPU = Release|Any CPU
	EndGlobalSection
	GlobalSection(ProjectConfigurationPlatforms) = postSolution
		{EA00BF37-B3D5-4120-B098-98E5CBA82576}.Debug|Any CPU.ActiveCfg = Debug|Any CPU
		{EA00BF37-B3D5-4120-B098-98E5CBA82576}.Debug|Any CPU.Build.0 = Debug|Any CPU
		{EA00BF37-B3D5-4120-B098-98E5CBA82576}.Release|Any CPU.ActiveCfg = Release|Any CPU
		{EA00BF37-B3D5-4120-B098-98E5CBA82576}.Release|Any CPU.Build.0 = Release|Any CPU
		{2B1D0349-9D56-4A30-BC46-38FE97889046}.Debug|Any CPU.ActiveCfg = Debug|Any CPU
		{2B1D0349-9D56-4A30-BC46-38FE97889046}.Debug|Any CPU.Build.0 = Debug|Any CPU
		{2B1D0349-9D56-4A30-BC46-38FE97889046}.Release|Any CPU.ActiveCfg = Release|Any CPU
		{2B1D0349-9D56-4A30-BC46-38FE97889046}.Release|Any CPU.Build.0 = Release|Any CPU
	EndGlobalSection
	GlobalSection(SolutionProperties) = preSolution
		HideSolutionNode = FALSE
	EndGlobalSection
	GlobalSection(ExtensibilityGlobals) = postSolution
		SolutionGuid = {11F097C6-C3F7-424D-AFDC-7BC1357076DB}
	EndGlobalSection
EndGlobal
